
Microsoft Visual Studio Solution File, Format Version 12.00
# Visual Studio Version 17
VisualStudioVersion = 17.3.32922.545
MinimumVisualStudioVersion = 10.0.40219.1
Project("{FAE04EC0-301F-11D3-BF4B-00C04F79EFBC}") = "GraphicApplication_OOP", "GraphicApplication_OOP.csproj", "{009C3560-A1B6-488C-A4DA-940990773DDD}"
EndProject
Project("{9A19103F-16F7-4668-BE54-9A1E7A4F7556}") = "ClassLibrary", "..\ClassLibrary\ClassLibrary.csproj", "{559D9039-2106-4343-B911-4D4286C9D6CD}"
EndProject
Global
	GlobalSection(SolutionConfigurationPlatforms) = preSolution
		Debug|Any CPU = Debug|Any CPU
		Release|Any CPU = Release|Any CPU
	EndGlobalSection
	GlobalSection(ProjectConfigurationPlatforms) = postSolution
		{009C3560-A1B6-488C-A4DA-940990773DDD}.Debug|Any CPU.ActiveCfg = Debug|Any CPU
		{009C3560-A1B6-488C-A4DA-940990773DDD}.Debug|Any CPU.Build.0 = Debug|Any CPU
		{009C3560-A1B6-488C-A4DA-940990773DDD}.Release|Any CPU.ActiveCfg = Release|Any CPU
		{009C3560-A1B6-488C-A4DA-940990773DDD}.Release|Any CPU.Build.0 = Release|Any CPU
		{559D9039-2106-4343-B911-4D4286C9D6CD}.Debug|Any CPU.ActiveCfg = Debug|Any CPU
		{559D9039-2106-4343-B911-4D4286C9D6CD}.Debug|Any CPU.Build.0 = Debug|Any CPU
		{559D9039-2106-4343-B911-4D4286C9D6CD}.Release|Any CPU.ActiveCfg = Release|Any CPU
		{559D9039-2106-4343-B911-4D4286C9D6CD}.Release|Any CPU.Build.0 = Release|Any CPU
	EndGlobalSection
	GlobalSection(SolutionProperties) = preSolution
		HideSolutionNode = FALSE
	EndGlobalSection
	GlobalSection(ExtensibilityGlobals) = postSolution
		SolutionGuid = {A4A61E96-601C-44C7-895B-FF400082F94A}
	EndGlobalSection
EndGlobal
